
Microsoft Visual Studio Solution File, Format Version 12.00
# Visual Studio 14
VisualStudioVersion = 14.0.25123.0
MinimumVisualStudioVersion = 10.0.40219.1
Project("{2150E333-8FDC-42A3-9474-1A3956D46DE8}") = "B-Framework", "B-Framework", "{6D267425-6DEC-427B-9EB1-C69C2274C118}"
EndProject
Project("{FAE04EC0-301F-11D3-BF4B-00C04F79EFBC}") = "Core", "Framework\Core\Core.csproj", "{B97BB912-FED8-4CC9-AF32-401E9F5083BF}"
EndProject
Project("{2150E333-8FDC-42A3-9474-1A3956D46DE8}") = "D-Applications", "D-Applications", "{CE62BB8A-099E-49E4-A8A1-1E9880091427}"
EndProject
Project("{2150E333-8FDC-42A3-9474-1A3956D46DE8}") = "C-Services", "C-Services", "{680435B4-DC8D-41AA-9D05-0C41A7DB48E5}"
EndProject
Project("{2150E333-8FDC-42A3-9474-1A3956D46DE8}") = "Z-UnitTests", "Z-UnitTests", "{5B05A86F-91EF-40C8-93E1-E26D312AFE62}"
EndProject
Project("{2150E333-8FDC-42A3-9474-1A3956D46DE8}") = "A-Models", "A-Models", "{B972BAEA-5DC4-424C-B528-54F182F90F61}"
EndProject
Project("{FAE04EC0-301F-11D3-BF4B-00C04F79EFBC}") = "GuModel", "Models\GuModel\GuModel.csproj", "{39DF0B32-1E05-4B6D-B7B1-85F84CB4293F}"
EndProject
Project("{FAE04EC0-301F-11D3-BF4B-00C04F79EFBC}") = "BusinessService", "Services\UserService\BusinessService.csproj", "{82414678-C7FD-4CE8-8B80-1B344918A0C9}"
EndProject
Project("{FAE04EC0-301F-11D3-BF4B-00C04F79EFBC}") = "GS.Web", "Applications\GS.Web\GS.Web.csproj", "{9218E0E4-E790-4B88-A39B-E715C5285346}"
EndProject
Project("{FAE04EC0-301F-11D3-BF4B-00C04F79EFBC}") = "CommonService", "Services\CommonService\CommonService.csproj", "{C57B46A0-9534-4DCC-9C8E-3DC153934868}"
EndProject
Project("{FAE04EC0-301F-11D3-BF4B-00C04F79EFBC}") = "CommomServiceTest", "UnitTests\CommomServiceTest\CommomServiceTest.csproj", "{0BC34179-C6EC-41FD-932B-15E8F8F9EF6B}"
EndProject
Project("{FAE04EC0-301F-11D3-BF4B-00C04F79EFBC}") = "CoreTest", "UnitTests\CoreTest\CoreTest.csproj", "{6B8BF4B5-201A-4627-AA10-1D3C2443D748}"
EndProject
Project("{FAE04EC0-301F-11D3-BF4B-00C04F79EFBC}") = "BitterMelon", "..\..\BitterMelon\BitterMelon.csproj", "{BE5BD94E-11CF-4068-9DC7-886CD9019791}"
EndProject
Project("{FAE04EC0-301F-11D3-BF4B-00C04F79EFBC}") = "WinFormApp", "Applications\WinFormApp\WinFormApp.csproj", "{39E964B1-25BC-4842-B61D-243505A2E977}"
EndProject
Global
	GlobalSection(SolutionConfigurationPlatforms) = preSolution
		Debug|Any CPU = Debug|Any CPU
		Release|Any CPU = Release|Any CPU
	EndGlobalSection
	GlobalSection(ProjectConfigurationPlatforms) = postSolution
		{B97BB912-FED8-4CC9-AF32-401E9F5083BF}.Debug|Any CPU.ActiveCfg = Debug|Any CPU
		{B97BB912-FED8-4CC9-AF32-401E9F5083BF}.Debug|Any CPU.Build.0 = Debug|Any CPU
		{B97BB912-FED8-4CC9-AF32-401E9F5083BF}.Release|Any CPU.ActiveCfg = Release|Any CPU
		{B97BB912-FED8-4CC9-AF32-401E9F5083BF}.Release|Any CPU.Build.0 = Release|Any CPU
		{39DF0B32-1E05-4B6D-B7B1-85F84CB4293F}.Debug|Any CPU.ActiveCfg = Debug|Any CPU
		{39DF0B32-1E05-4B6D-B7B1-85F84CB4293F}.Debug|Any CPU.Build.0 = Debug|Any CPU
		{39DF0B32-1E05-4B6D-B7B1-85F84CB4293F}.Release|Any CPU.ActiveCfg = Release|Any CPU
		{39DF0B32-1E05-4B6D-B7B1-85F84CB4293F}.Release|Any CPU.Build.0 = Release|Any CPU
		{82414678-C7FD-4CE8-8B80-1B344918A0C9}.Debug|Any CPU.ActiveCfg = Debug|Any CPU
		{82414678-C7FD-4CE8-8B80-1B344918A0C9}.Debug|Any CPU.Build.0 = Debug|Any CPU
		{82414678-C7FD-4CE8-8B80-1B344918A0C9}.Release|Any CPU.ActiveCfg = Release|Any CPU
		{82414678-C7FD-4CE8-8B80-1B344918A0C9}.Release|Any CPU.Build.0 = Release|Any CPU
		{9218E0E4-E790-4B88-A39B-E715C5285346}.Debug|Any CPU.ActiveCfg = Debug|Any CPU
		{9218E0E4-E790-4B88-A39B-E715C5285346}.Debug|Any CPU.Build.0 = Debug|Any CPU
		{9218E0E4-E790-4B88-A39B-E715C5285346}.Release|Any CPU.ActiveCfg = Release|Any CPU
		{9218E0E4-E790-4B88-A39B-E715C5285346}.Release|Any CPU.Build.0 = Release|Any CPU
		{C57B46A0-9534-4DCC-9C8E-3DC153934868}.Debug|Any CPU.ActiveCfg = Debug|Any CPU
		{C57B46A0-9534-4DCC-9C8E-3DC153934868}.Debug|Any CPU.Build.0 = Debug|Any CPU
		{C57B46A0-9534-4DCC-9C8E-3DC153934868}.Release|Any CPU.ActiveCfg = Release|Any CPU
		{C57B46A0-9534-4DCC-9C8E-3DC153934868}.Release|Any CPU.Build.0 = Release|Any CPU
		{0BC34179-C6EC-41FD-932B-15E8F8F9EF6B}.Debug|Any CPU.ActiveCfg = Debug|Any CPU
		{0BC34179-C6EC-41FD-932B-15E8F8F9EF6B}.Debug|Any CPU.Build.0 = Debug|Any CPU
		{0BC34179-C6EC-41FD-932B-15E8F8F9EF6B}.Release|Any CPU.ActiveCfg = Release|Any CPU
		{0BC34179-C6EC-41FD-932B-15E8F8F9EF6B}.Release|Any CPU.Build.0 = Release|Any CPU
		{6B8BF4B5-201A-4627-AA10-1D3C2443D748}.Debug|Any CPU.ActiveCfg = Debug|Any CPU
		{6B8BF4B5-201A-4627-AA10-1D3C2443D748}.Debug|Any CPU.Build.0 = Debug|Any CPU
		{6B8BF4B5-201A-4627-AA10-1D3C2443D748}.Release|Any CPU.ActiveCfg = Release|Any CPU
		{6B8BF4B5-201A-4627-AA10-1D3C2443D748}.Release|Any CPU.Build.0 = Release|Any CPU
		{BE5BD94E-11CF-4068-9DC7-886CD9019791}.Debug|Any CPU.ActiveCfg = Debug|Any CPU
		{BE5BD94E-11CF-4068-9DC7-886CD9019791}.Debug|Any CPU.Build.0 = Debug|Any CPU
		{BE5BD94E-11CF-4068-9DC7-886CD9019791}.Release|Any CPU.ActiveCfg = Release|Any CPU
		{BE5BD94E-11CF-4068-9DC7-886CD9019791}.Release|Any CPU.Build.0 = Release|Any CPU
		{39E964B1-25BC-4842-B61D-243505A2E977}.Debug|Any CPU.ActiveCfg = Debug|Any CPU
		{39E964B1-25BC-4842-B61D-243505A2E977}.Debug|Any CPU.Build.0 = Debug|Any CPU
		{39E964B1-25BC-4842-B61D-243505A2E977}.Release|Any CPU.ActiveCfg = Release|Any CPU
		{39E964B1-25BC-4842-B61D-243505A2E977}.Release|Any CPU.Build.0 = Release|Any CPU
	EndGlobalSection
	GlobalSection(SolutionProperties) = preSolution
		HideSolutionNode = FALSE
	EndGlobalSection
	GlobalSection(NestedProjects) = preSolution
		{B97BB912-FED8-4CC9-AF32-401E9F5083BF} = {6D267425-6DEC-427B-9EB1-C69C2274C118}
		{39DF0B32-1E05-4B6D-B7B1-85F84CB4293F} = {B972BAEA-5DC4-424C-B528-54F182F90F61}
		{82414678-C7FD-4CE8-8B80-1B344918A0C9} = {680435B4-DC8D-41AA-9D05-0C41A7DB48E5}
		{9218E0E4-E790-4B88-A39B-E715C5285346} = {CE62BB8A-099E-49E4-A8A1-1E9880091427}
		{C57B46A0-9534-4DCC-9C8E-3DC153934868} = {680435B4-DC8D-41AA-9D05-0C41A7DB48E5}
		{0BC34179-C6EC-41FD-932B-15E8F8F9EF6B} = {5B05A86F-91EF-40C8-93E1-E26D312AFE62}
		{6B8BF4B5-201A-4627-AA10-1D3C2443D748} = {5B05A86F-91EF-40C8-93E1-E26D312AFE62}
		{BE5BD94E-11CF-4068-9DC7-886CD9019791} = {680435B4-DC8D-41AA-9D05-0C41A7DB48E5}
		{39E964B1-25BC-4842-B61D-243505A2E977} = {CE62BB8A-099E-49E4-A8A1-1E9880091427}
	EndGlobalSection
EndGlobal
